
Microsoft Visual Studio Solution File, Format Version 12.00
# Visual Studio Version 17
VisualStudioVersion = 17.4.33213.308
MinimumVisualStudioVersion = 10.0.40219.1
Project("{FAE04EC0-301F-11D3-BF4B-00C04F79EFBC}") = "finishwebabout", "finishwebabout\finishwebabout.csproj", "{4DAA34A2-3405-4992-BD52-F26834B81168}"
EndProject
Global
	GlobalSection(SolutionConfigurationPlatforms) = preSolution
		Debug|Any CPU = Debug|Any CPU
		Release|Any CPU = Release|Any CPU
	EndGlobalSection
	GlobalSection(ProjectConfigurationPlatforms) = postSolution
		{4DAA34A2-3405-4992-BD52-F26834B81168}.Debug|Any CPU.ActiveCfg = Debug|Any CPU
		{4DAA34A2-3405-4992-BD52-F26834B81168}.Debug|Any CPU.Build.0 = Debug|Any CPU
		{4DAA34A2-3405-4992-BD52-F26834B81168}.Release|Any CPU.ActiveCfg = Release|Any CPU
		{4DAA34A2-3405-4992-BD52-F26834B81168}.Release|Any CPU.Build.0 = Release|Any CPU
	EndGlobalSection
	GlobalSection(SolutionProperties) = preSolution
		HideSolutionNode = FALSE
	EndGlobalSection
	GlobalSection(ExtensibilityGlobals) = postSolution
		SolutionGuid = {57FC27BC-4D02-49D7-8BA5-AA8F9E0BD953}
	EndGlobalSection
EndGlobal
